// !$*UTF8*$!
{
	archiveVersion = 1;
	classes = {
	};
	objectVersion = 46;
	objects = {

/* Begin PBXBuildFile section */
		C9AEF69B10B0489900C7D86D /* Ambisonics.h in Headers */ = {isa = PBXBuildFile; fileRef = C9AEF69A10B0489900C7D86D /* Ambisonics.h */; };
		C9AEF6B610B048A700C7D86D /* AmbisonicBase.cpp in Sources */ = {isa = PBXBuildFile; fileRef = C9AEF69C10B048A700C7D86D /* AmbisonicBase.cpp */; };
		C9AEF6B710B048A700C7D86D /* AmbisonicBase.h in Headers */ = {isa = PBXBuildFile; fileRef = C9AEF69D10B048A700C7D86D /* AmbisonicBase.h */; };
		C9AEF6B810B048A700C7D86D /* AmbisonicBinauralizer.cpp in Sources */ = {isa = PBXBuildFile; fileRef = C9AEF69E10B048A700C7D86D /* AmbisonicBinauralizer.cpp */; };
		C9AEF6B910B048A700C7D86D /* AmbisonicBinauralizer.h in Headers */ = {isa = PBXBuildFile; fileRef = C9AEF69F10B048A700C7D86D /* AmbisonicBinauralizer.h */; };
		C9AEF6BA10B048A700C7D86D /* AmbisonicCommons.cpp in Sources */ = {isa = PBXBuildFile; fileRef = C9AEF6A010B048A700C7D86D /* AmbisonicCommons.cpp */; };
		C9AEF6BB10B048A700C7D86D /* AmbisonicCommons.h in Headers */ = {isa = PBXBuildFile; fileRef = C9AEF6A110B048A700C7D86D /* AmbisonicCommons.h */; };
		C9AEF6BC10B048A700C7D86D /* AmbisonicDecoder.cpp in Sources */ = {isa = PBXBuildFile; fileRef = C9AEF6A210B048A700C7D86D /* AmbisonicDecoder.cpp */; };
		C9AEF6BD10B048A700C7D86D /* AmbisonicDecoder.h in Headers */ = {isa = PBXBuildFile; fileRef = C9AEF6A310B048A700C7D86D /* AmbisonicDecoder.h */; };
		C9AEF6BE10B048A700C7D86D /* AmbisonicEncoder.cpp in Sources */ = {isa = PBXBuildFile; fileRef = C9AEF6A410B048A700C7D86D /* AmbisonicEncoder.cpp */; };
		C9AEF6BF10B048A700C7D86D /* AmbisonicEncoder.h in Headers */ = {isa = PBXBuildFile; fileRef = C9AEF6A510B048A700C7D86D /* AmbisonicEncoder.h */; };
		C9AEF6C010B048A700C7D86D /* AmbisonicEncoderDist.cpp in Sources */ = {isa = PBXBuildFile; fileRef = C9AEF6A610B048A700C7D86D /* AmbisonicEncoderDist.cpp */; };
		C9AEF6C110B048A700C7D86D /* AmbisonicEncoderDist.h in Headers */ = {isa = PBXBuildFile; fileRef = C9AEF6A710B048A700C7D86D /* AmbisonicEncoderDist.h */; };
		C9AEF6C210B048A700C7D86D /* AmbisonicMicrophone.cpp in Sources */ = {isa = PBXBuildFile; fileRef = C9AEF6A810B048A700C7D86D /* AmbisonicMicrophone.cpp */; };
		C9AEF6C310B048A700C7D86D /* AmbisonicMicrophone.h in Headers */ = {isa = PBXBuildFile; fileRef = C9AEF6A910B048A700C7D86D /* AmbisonicMicrophone.h */; };
		C9AEF6C410B048A700C7D86D /* AmbisonicProcessor.cpp in Sources */ = {isa = PBXBuildFile; fileRef = C9AEF6AA10B048A700C7D86D /* AmbisonicProcessor.cpp */; };
		C9AEF6C510B048A700C7D86D /* AmbisonicProcessor.h in Headers */ = {isa = PBXBuildFile; fileRef = C9AEF6AB10B048A700C7D86D /* AmbisonicProcessor.h */; };
		C9AEF6C610B048A700C7D86D /* Ambisonics.cpp in Sources */ = {isa = PBXBuildFile; fileRef = C9AEF6AC10B048A700C7D86D /* Ambisonics.cpp */; };
		C9AEF6C710B048A700C7D86D /* AmbisonicSource.cpp in Sources */ = {isa = PBXBuildFile; fileRef = C9AEF6AD10B048A700C7D86D /* AmbisonicSource.cpp */; };
		C9AEF6C810B048A700C7D86D /* AmbisonicSource.h in Headers */ = {isa = PBXBuildFile; fileRef = C9AEF6AE10B048A700C7D86D /* AmbisonicSource.h */; };
		C9AEF6C910B048A700C7D86D /* AmbisonicSpeaker.cpp in Sources */ = {isa = PBXBuildFile; fileRef = C9AEF6AF10B048A700C7D86D /* AmbisonicSpeaker.cpp */; };
		C9AEF6CA10B048A700C7D86D /* AmbisonicSpeaker.h in Headers */ = {isa = PBXBuildFile; fileRef = C9AEF6B010B048A700C7D86D /* AmbisonicSpeaker.h */; };
		C9AEF6CB10B048A700C7D86D /* AmbisonicTypesDefinesCommons.h in Headers */ = {isa = PBXBuildFile; fileRef = C9AEF6B110B048A700C7D86D /* AmbisonicTypesDefinesCommons.h */; };
		C9AEF6CC10B048A700C7D86D /* AmbisonicZoomer.cpp in Sources */ = {isa = PBXBuildFile; fileRef = C9AEF6B210B048A700C7D86D /* AmbisonicZoomer.cpp */; };
		C9AEF6CD10B048A700C7D86D /* AmbisonicZoomer.h in Headers */ = {isa = PBXBuildFile; fileRef = C9AEF6B310B048A700C7D86D /* AmbisonicZoomer.h */; };
		C9AEF6CE10B048A700C7D86D /* BFormat.cpp in Sources */ = {isa = PBXBuildFile; fileRef = C9AEF6B410B048A700C7D86D /* BFormat.cpp */; };
		C9AEF6CF10B048A700C7D86D /* BFormat.h in Headers */ = {isa = PBXBuildFile; fileRef = C9AEF6B510B048A700C7D86D /* BFormat.h */; };
		C9AEF6D110B048C200C7D86D /* mit_hrtf_lib.h in Headers */ = {isa = PBXBuildFile; fileRef = C9AEF6D010B048C200C7D86D /* mit_hrtf_lib.h */; };
		C9F05EF81A4C48A100EEF233 /* libamblib.a in CopyFiles */ = {isa = PBXBuildFile; fileRef = D2AAC046055464E500DB518D /* libamblib.a */; };
/* End PBXBuildFile section */

/* Begin PBXCopyFilesBuildPhase section */
		C9F05EF71A4C489600EEF233 /* CopyFiles */ = {
			isa = PBXCopyFilesBuildPhase;
			buildActionMask = 2147483647;
			dstPath = ../../../../../../library;
			dstSubfolderSpec = 16;
			files = (
				C9F05EF81A4C48A100EEF233 /* libamblib.a in CopyFiles */,
			);
			runOnlyForDeploymentPostprocessing = 0;
		};
/* End PBXCopyFilesBuildPhase section */

/* Begin PBXFileReference section */
		C9AEF69A10B0489900C7D86D /* Ambisonics.h */ = {isa = PBXFileReference; fileEncoding = 4; lastKnownFileType = sourcecode.c.h; name = Ambisonics.h; path = ../include/Ambisonics.h; sourceTree = SOURCE_ROOT; };
		C9AEF69C10B048A700C7D86D /* AmbisonicBase.cpp */ = {isa = PBXFileReference; fileEncoding = 4; lastKnownFileType = sourcecode.cpp.cpp; name = AmbisonicBase.cpp; path = ../source/AmbisonicBase.cpp; sourceTree = SOURCE_ROOT; };
		C9AEF69D10B048A700C7D86D /* AmbisonicBase.h */ = {isa = PBXFileReference; fileEncoding = 4; lastKnownFileType = sourcecode.c.h; name = AmbisonicBase.h; path = ../source/AmbisonicBase.h; sourceTree = SOURCE_ROOT; };
		C9AEF69E10B048A700C7D86D /* AmbisonicBinauralizer.cpp */ = {isa = PBXFileReference; fileEncoding = 4; lastKnownFileType = sourcecode.cpp.cpp; name = AmbisonicBinauralizer.cpp; path = ../source/AmbisonicBinauralizer.cpp; sourceTree = SOURCE_ROOT; };
		C9AEF69F10B048A700C7D86D /* AmbisonicBinauralizer.h */ = {isa = PBXFileReference; fileEncoding = 4; lastKnownFileType = sourcecode.c.h; name = AmbisonicBinauralizer.h; path = ../source/AmbisonicBinauralizer.h; sourceTree = SOURCE_ROOT; };
		C9AEF6A010B048A700C7D86D /* AmbisonicCommons.cpp */ = {isa = PBXFileReference; fileEncoding = 4; lastKnownFileType = sourcecode.cpp.cpp; name = AmbisonicCommons.cpp; path = ../source/AmbisonicCommons.cpp; sourceTree = SOURCE_ROOT; };
		C9AEF6A110B048A700C7D86D /* AmbisonicCommons.h */ = {isa = PBXFileReference; fileEncoding = 4; lastKnownFileType = sourcecode.c.h; name = AmbisonicCommons.h; path = ../source/AmbisonicCommons.h; sourceTree = SOURCE_ROOT; };
		C9AEF6A210B048A700C7D86D /* AmbisonicDecoder.cpp */ = {isa = PBXFileReference; fileEncoding = 4; lastKnownFileType = sourcecode.cpp.cpp; name = AmbisonicDecoder.cpp; path = ../source/AmbisonicDecoder.cpp; sourceTree = SOURCE_ROOT; };
		C9AEF6A310B048A700C7D86D /* AmbisonicDecoder.h */ = {isa = PBXFileReference; fileEncoding = 4; lastKnownFileType = sourcecode.c.h; name = AmbisonicDecoder.h; path = ../source/AmbisonicDecoder.h; sourceTree = SOURCE_ROOT; };
		C9AEF6A410B048A700C7D86D /* AmbisonicEncoder.cpp */ = {isa = PBXFileReference; fileEncoding = 4; lastKnownFileType = sourcecode.cpp.cpp; name = AmbisonicEncoder.cpp; path = ../source/AmbisonicEncoder.cpp; sourceTree = SOURCE_ROOT; };
		C9AEF6A510B048A700C7D86D /* AmbisonicEncoder.h */ = {isa = PBXFileReference; fileEncoding = 4; lastKnownFileType = sourcecode.c.h; name = AmbisonicEncoder.h; path = ../source/AmbisonicEncoder.h; sourceTree = SOURCE_ROOT; };
		C9AEF6A610B048A700C7D86D /* AmbisonicEncoderDist.cpp */ = {isa = PBXFileReference; fileEncoding = 4; lastKnownFileType = sourcecode.cpp.cpp; name = AmbisonicEncoderDist.cpp; path = ../source/AmbisonicEncoderDist.cpp; sourceTree = SOURCE_ROOT; };
		C9AEF6A710B048A700C7D86D /* AmbisonicEncoderDist.h */ = {isa = PBXFileReference; fileEncoding = 4; lastKnownFileType = sourcecode.c.h; name = AmbisonicEncoderDist.h; path = ../source/AmbisonicEncoderDist.h; sourceTree = SOURCE_ROOT; };
		C9AEF6A810B048A700C7D86D /* AmbisonicMicrophone.cpp */ = {isa = PBXFileReference; fileEncoding = 4; lastKnownFileType = sourcecode.cpp.cpp; name = AmbisonicMicrophone.cpp; path = ../source/AmbisonicMicrophone.cpp; sourceTree = SOURCE_ROOT; };
		C9AEF6A910B048A700C7D86D /* AmbisonicMicrophone.h */ = {isa = PBXFileReference; fileEncoding = 4; lastKnownFileType = sourcecode.c.h; name = AmbisonicMicrophone.h; path = ../source/AmbisonicMicrophone.h; sourceTree = SOURCE_ROOT; };
		C9AEF6AA10B048A700C7D86D /* AmbisonicProcessor.cpp */ = {isa = PBXFileReference; fileEncoding = 4; lastKnownFileType = sourcecode.cpp.cpp; name = AmbisonicProcessor.cpp; path = ../source/AmbisonicProcessor.cpp; sourceTree = SOURCE_ROOT; };
		C9AEF6AB10B048A700C7D86D /* AmbisonicProcessor.h */ = {isa = PBXFileReference; fileEncoding = 4; lastKnownFileType = sourcecode.c.h; name = AmbisonicProcessor.h; path = ../source/AmbisonicProcessor.h; sourceTree = SOURCE_ROOT; };
		C9AEF6AC10B048A700C7D86D /* Ambisonics.cpp */ = {isa = PBXFileReference; fileEncoding = 4; lastKnownFileType = sourcecode.cpp.cpp; name = Ambisonics.cpp; path = ../source/Ambisonics.cpp; sourceTree = SOURCE_ROOT; };
		C9AEF6AD10B048A700C7D86D /* AmbisonicSource.cpp */ = {isa = PBXFileReference; fileEncoding = 4; lastKnownFileType = sourcecode.cpp.cpp; name = AmbisonicSource.cpp; path = ../source/AmbisonicSource.cpp; sourceTree = SOURCE_ROOT; };
		C9AEF6AE10B048A700C7D86D /* AmbisonicSource.h */ = {isa = PBXFileReference; fileEncoding = 4; lastKnownFileType = sourcecode.c.h; name = AmbisonicSource.h; path = ../source/AmbisonicSource.h; sourceTree = SOURCE_ROOT; };
		C9AEF6AF10B048A700C7D86D /* AmbisonicSpeaker.cpp */ = {isa = PBXFileReference; fileEncoding = 4; lastKnownFileType = sourcecode.cpp.cpp; name = AmbisonicSpeaker.cpp; path = ../source/AmbisonicSpeaker.cpp; sourceTree = SOURCE_ROOT; };
		C9AEF6B010B048A700C7D86D /* AmbisonicSpeaker.h */ = {isa = PBXFileReference; fileEncoding = 4; lastKnownFileType = sourcecode.c.h; name = AmbisonicSpeaker.h; path = ../source/AmbisonicSpeaker.h; sourceTree = SOURCE_ROOT; };
		C9AEF6B110B048A700C7D86D /* AmbisonicTypesDefinesCommons.h */ = {isa = PBXFileReference; fileEncoding = 4; lastKnownFileType = sourcecode.c.h; name = AmbisonicTypesDefinesCommons.h; path = ../source/AmbisonicTypesDefinesCommons.h; sourceTree = SOURCE_ROOT; };
		C9AEF6B210B048A700C7D86D /* AmbisonicZoomer.cpp */ = {isa = PBXFileReference; fileEncoding = 4; lastKnownFileType = sourcecode.cpp.cpp; name = AmbisonicZoomer.cpp; path = ../source/AmbisonicZoomer.cpp; sourceTree = SOURCE_ROOT; };
		C9AEF6B310B048A700C7D86D /* AmbisonicZoomer.h */ = {isa = PBXFileReference; fileEncoding = 4; lastKnownFileType = sourcecode.c.h; name = AmbisonicZoomer.h; path = ../source/AmbisonicZoomer.h; sourceTree = SOURCE_ROOT; };
		C9AEF6B410B048A700C7D86D /* BFormat.cpp */ = {isa = PBXFileReference; fileEncoding = 4; lastKnownFileType = sourcecode.cpp.cpp; name = BFormat.cpp; path = ../source/BFormat.cpp; sourceTree = SOURCE_ROOT; };
		C9AEF6B510B048A700C7D86D /* BFormat.h */ = {isa = PBXFileReference; fileEncoding = 4; lastKnownFileType = sourcecode.c.h; name = BFormat.h; path = ../source/BFormat.h; sourceTree = SOURCE_ROOT; };
		C9AEF6D010B048C200C7D86D /* mit_hrtf_lib.h */ = {isa = PBXFileReference; fileEncoding = 4; lastKnownFileType = sourcecode.c.h; name = mit_hrtf_lib.h; path = "../../mit-hrtf-lib/include/mit_hrtf_lib.h"; sourceTree = SOURCE_ROOT; };
		D2AAC046055464E500DB518D /* libamblib.a */ = {isa = PBXFileReference; explicitFileType = archive.ar; includeInIndex = 0; path = libamblib.a; sourceTree = BUILT_PRODUCTS_DIR; };
/* End PBXFileReference section */

/* Begin PBXFrameworksBuildPhase section */
		D289987405E68DCB004EDB86 /* Frameworks */ = {
			isa = PBXFrameworksBuildPhase;
			buildActionMask = 2147483647;
			files = (
			);
			runOnlyForDeploymentPostprocessing = 0;
		};
/* End PBXFrameworksBuildPhase section */

/* Begin PBXGroup section */
		08FB7794FE84155DC02AAC07 /* amblib */ = {
			isa = PBXGroup;
			children = (
				08FB7795FE84155DC02AAC07 /* Source */,
				C6A0FF2B0290797F04C91782 /* Documentation */,
				1AB674ADFE9D54B511CA2CBB /* Products */,
			);
			name = amblib;
			sourceTree = "<group>";
		};
		08FB7795FE84155DC02AAC07 /* Source */ = {
			isa = PBXGroup;
			children = (
				C9AEF6D010B048C200C7D86D /* mit_hrtf_lib.h */,
				C9AEF69C10B048A700C7D86D /* AmbisonicBase.cpp */,
				C9AEF69D10B048A700C7D86D /* AmbisonicBase.h */,
				C9AEF69E10B048A700C7D86D /* AmbisonicBinauralizer.cpp */,
				C9AEF69F10B048A700C7D86D /* AmbisonicBinauralizer.h */,
				C9AEF6A010B048A700C7D86D /* AmbisonicCommons.cpp */,
				C9AEF6A110B048A700C7D86D /* AmbisonicCommons.h */,
				C9AEF6A210B048A700C7D86D /* AmbisonicDecoder.cpp */,
				C9AEF6A310B048A700C7D86D /* AmbisonicDecoder.h */,
				C9AEF6A410B048A700C7D86D /* AmbisonicEncoder.cpp */,
				C9AEF6A510B048A700C7D86D /* AmbisonicEncoder.h */,
				C9AEF6A610B048A700C7D86D /* AmbisonicEncoderDist.cpp */,
				C9AEF6A710B048A700C7D86D /* AmbisonicEncoderDist.h */,
				C9AEF6A810B048A700C7D86D /* AmbisonicMicrophone.cpp */,
				C9AEF6A910B048A700C7D86D /* AmbisonicMicrophone.h */,
				C9AEF6AA10B048A700C7D86D /* AmbisonicProcessor.cpp */,
				C9AEF6AB10B048A700C7D86D /* AmbisonicProcessor.h */,
				C9AEF6AC10B048A700C7D86D /* Ambisonics.cpp */,
				C9AEF6AD10B048A700C7D86D /* AmbisonicSource.cpp */,
				C9AEF6AE10B048A700C7D86D /* AmbisonicSource.h */,
				C9AEF6AF10B048A700C7D86D /* AmbisonicSpeaker.cpp */,
				C9AEF6B010B048A700C7D86D /* AmbisonicSpeaker.h */,
				C9AEF6B110B048A700C7D86D /* AmbisonicTypesDefinesCommons.h */,
				C9AEF6B210B048A700C7D86D /* AmbisonicZoomer.cpp */,
				C9AEF6B310B048A700C7D86D /* AmbisonicZoomer.h */,
				C9AEF6B410B048A700C7D86D /* BFormat.cpp */,
				C9AEF6B510B048A700C7D86D /* BFormat.h */,
				C9AEF69A10B0489900C7D86D /* Ambisonics.h */,
			);
			name = Source;
			sourceTree = "<group>";
		};
		1AB674ADFE9D54B511CA2CBB /* Products */ = {
			isa = PBXGroup;
			children = (
				D2AAC046055464E500DB518D /* libamblib.a */,
			);
			name = Products;
			sourceTree = "<group>";
		};
		C6A0FF2B0290797F04C91782 /* Documentation */ = {
			isa = PBXGroup;
			children = (
			);
			name = Documentation;
			sourceTree = "<group>";
		};
/* End PBXGroup section */

/* Begin PBXHeadersBuildPhase section */
		D2AAC043055464E500DB518D /* Headers */ = {
			isa = PBXHeadersBuildPhase;
			buildActionMask = 2147483647;
			files = (
				C9AEF69B10B0489900C7D86D /* Ambisonics.h in Headers */,
				C9AEF6B710B048A700C7D86D /* AmbisonicBase.h in Headers */,
				C9AEF6B910B048A700C7D86D /* AmbisonicBinauralizer.h in Headers */,
				C9AEF6BB10B048A700C7D86D /* AmbisonicCommons.h in Headers */,
				C9AEF6BD10B048A700C7D86D /* AmbisonicDecoder.h in Headers */,
				C9AEF6BF10B048A700C7D86D /* AmbisonicEncoder.h in Headers */,
				C9AEF6C110B048A700C7D86D /* AmbisonicEncoderDist.h in Headers */,
				C9AEF6C310B048A700C7D86D /* AmbisonicMicrophone.h in Headers */,
				C9AEF6C510B048A700C7D86D /* AmbisonicProcessor.h in Headers */,
				C9AEF6C810B048A700C7D86D /* AmbisonicSource.h in Headers */,
				C9AEF6CA10B048A700C7D86D /* AmbisonicSpeaker.h in Headers */,
				C9AEF6CB10B048A700C7D86D /* AmbisonicTypesDefinesCommons.h in Headers */,
				C9AEF6CD10B048A700C7D86D /* AmbisonicZoomer.h in Headers */,
				C9AEF6CF10B048A700C7D86D /* BFormat.h in Headers */,
				C9AEF6D110B048C200C7D86D /* mit_hrtf_lib.h in Headers */,
			);
			runOnlyForDeploymentPostprocessing = 0;
		};
/* End PBXHeadersBuildPhase section */

/* Begin PBXNativeTarget section */
		D2AAC045055464E500DB518D /* amblib */ = {
			isa = PBXNativeTarget;
			buildConfigurationList = 1DEB91EB08733DB70010E9CD /* Build configuration list for PBXNativeTarget "amblib" */;
			buildPhases = (
				D2AAC043055464E500DB518D /* Headers */,
				D2AAC044055464E500DB518D /* Sources */,
				D289987405E68DCB004EDB86 /* Frameworks */,
				C9F05EF71A4C489600EEF233 /* CopyFiles */,
			);
			buildRules = (
			);
			dependencies = (
			);
			name = amblib;
			productName = amblib;
			productReference = D2AAC046055464E500DB518D /* libamblib.a */;
			productType = "com.apple.product-type.library.static";
		};
/* End PBXNativeTarget section */

/* Begin PBXProject section */
		08FB7793FE84155DC02AAC07 /* Project object */ = {
			isa = PBXProject;
			attributes = {
				LastUpgradeCheck = 0610;
			};
			buildConfigurationList = 1DEB91EF08733DB70010E9CD /* Build configuration list for PBXProject "amblib" */;
			compatibilityVersion = "Xcode 3.2";
			developmentRegion = English;
			hasScannedForEncodings = 1;
			knownRegions = (
				en,
			);
			mainGroup = 08FB7794FE84155DC02AAC07 /* amblib */;
			projectDirPath = "";
			projectRoot = "";
			targets = (
				D2AAC045055464E500DB518D /* amblib */,
			);
		};
/* End PBXProject section */

/* Begin PBXSourcesBuildPhase section */
		D2AAC044055464E500DB518D /* Sources */ = {
			isa = PBXSourcesBuildPhase;
			buildActionMask = 2147483647;
			files = (
				C9AEF6B610B048A700C7D86D /* AmbisonicBase.cpp in Sources */,
				C9AEF6B810B048A700C7D86D /* AmbisonicBinauralizer.cpp in Sources */,
				C9AEF6BA10B048A700C7D86D /* AmbisonicCommons.cpp in Sources */,
				C9AEF6BC10B048A700C7D86D /* AmbisonicDecoder.cpp in Sources */,
				C9AEF6BE10B048A700C7D86D /* AmbisonicEncoder.cpp in Sources */,
				C9AEF6C010B048A700C7D86D /* AmbisonicEncoderDist.cpp in Sources */,
				C9AEF6C210B048A700C7D86D /* AmbisonicMicrophone.cpp in Sources */,
				C9AEF6C410B048A700C7D86D /* AmbisonicProcessor.cpp in Sources */,
				C9AEF6C610B048A700C7D86D /* Ambisonics.cpp in Sources */,
				C9AEF6C710B048A700C7D86D /* AmbisonicSource.cpp in Sources */,
				C9AEF6C910B048A700C7D86D /* AmbisonicSpeaker.cpp in Sources */,
				C9AEF6CC10B048A700C7D86D /* AmbisonicZoomer.cpp in Sources */,
				C9AEF6CE10B048A700C7D86D /* BFormat.cpp in Sources */,
			);
			runOnlyForDeploymentPostprocessing = 0;
		};
/* End PBXSourcesBuildPhase section */

/* Begin XCBuildConfiguration section */
		1DEB91EC08733DB70010E9CD /* Debug */ = {
			isa = XCBuildConfiguration;
			buildSettings = {
				ALWAYS_SEARCH_USER_PATHS = NO;
				COMBINE_HIDPI_IMAGES = YES;
				COPY_PHASE_STRIP = NO;
				DEBUG_INFORMATION_FORMAT = "dwarf-with-dsym";
				GCC_DYNAMIC_NO_PIC = NO;
				GCC_ENABLE_FIX_AND_CONTINUE = YES;
				GCC_MODEL_TUNING = G5;
				GCC_OPTIMIZATION_LEVEL = 0;
				INSTALL_PATH = /usr/local/lib;
				ONLY_ACTIVE_ARCH = NO;
				PRODUCT_NAME = amblib;
				SDKROOT = macosx;
			};
			name = Debug;
		};
		1DEB91ED08733DB70010E9CD /* Release */ = {
			isa = XCBuildConfiguration;
			buildSettings = {
				ALWAYS_SEARCH_USER_PATHS = NO;
				COMBINE_HIDPI_IMAGES = YES;
				DEBUG_INFORMATION_FORMAT = dwarf;
				GCC_MODEL_TUNING = G5;
				INSTALL_PATH = /usr/local/lib;
				PRODUCT_NAME = amblib;
				SDKROOT = macosx;
			};
			name = Release;
		};
		1DEB91F008733DB70010E9CD /* Debug */ = {
			isa = XCBuildConfiguration;
			buildSettings = {
				ARCHS = "$(ARCHS_STANDARD_32_64_BIT)";
				GCC_C_LANGUAGE_STANDARD = gnu99;
				GCC_OPTIMIZATION_LEVEL = 0;
				GCC_WARN_ABOUT_RETURN_TYPE = YES;
				GCC_WARN_UNUSED_VARIABLE = YES;
				HEADER_SEARCH_PATHS = "../../kiss_fft//**";
				ONLY_ACTIVE_ARCH = YES;
				PREBINDING = NO;
				SDKROOT = macosx;
			};
			name = Debug;
		};
		1DEB91F108733DB70010E9CD /* Release */ = {
			isa = XCBuildConfiguration;
			buildSettings = {
				ARCHS = "$(ARCHS_STANDARD_32_64_BIT)";
				GCC_C_LANGUAGE_STANDARD = gnu99;
				GCC_WARN_ABOUT_RETURN_TYPE = YES;
				GCC_WARN_UNUSED_VARIABLE = YES;
				HEADER_SEARCH_PATHS = "../../kiss_fft//**";
				PREBINDING = NO;
				SDKROOT = macosx;
			};
			name = Release;
		};
/* End XCBuildConfiguration section */

/* Begin XCConfigurationList section */
		1DEB91EB08733DB70010E9CD /* Build configuration list for PBXNativeTarget "amblib" */ = {
			isa = XCConfigurationList;
			buildConfigurations = (
				1DEB91EC08733DB70010E9CD /* Debug */,
				1DEB91ED08733DB70010E9CD /* Release */,
			);
			defaultConfigurationIsVisible = 0;
			defaultConfigurationName = Release;
		};
		1DEB91EF08733DB70010E9CD /* Build configuration list for PBXProject "amblib" */ = {
			isa = XCConfigurationList;
			buildConfigurations = (
				1DEB91F008733DB70010E9CD /* Debug */,
				1DEB91F108733DB70010E9CD /* Release */,
			);
			defaultConfigurationIsVisible = 0;
			defaultConfigurationName = Release;
		};
/* End XCConfigurationList section */
	};
	rootObject = 08FB7793FE84155DC02AAC07 /* Project object */;
}
